# This file is automatically @generated by Poetry 1.8.5 and should not be changed by hand.

[[package]]
name = "argparse"
version = "1.4.0"
description = "Python command-line parsing library"
optional = false
python-versions = "*"
files = [
    {file = "argparse-1.4.0-py2.py3-none-any.whl", hash = "sha256:c31647edb69fd3d465a847ea3157d37bed1f95f19760b11a47aa91c04b666314"},
    {file = "argparse-1.4.0.tar.gz", hash = "sha256:62b089a55be1d8949cd2bc7e0df0bddb9e028faefc8c32038cc84862aefdd6e4"},
]

[[package]]
name = "faker"
version = "36.1.1"
description = "Faker is a Python package that generates fake data for you."
optional = false
python-versions = ">=3.9"
files = [
    {file = "Faker-36.1.1-py3-none-any.whl", hash = "sha256:ad1f1be7fd692ec0256517404a9d7f007ab36ac5d4674082fa72404049725eaa"},
    {file = "faker-36.1.1.tar.gz", hash = "sha256:7cb2bbd4c8f040e4a340ae4019e9a48b6cf1db6a71bda4e5a61d8d13b7bef28d"},
]

[package.dependencies]
tzdata = "*"

[[package]]
name = "pycairo"
version = "1.27.0"
description = "Python interface for cairo"
optional = false
python-versions = ">=3.9"
files = [
    {file = "pycairo-1.27.0-cp310-cp310-win32.whl", hash = "sha256:e20f431244634cf244ab6b4c3a2e540e65746eed1324573cf291981c3e65fc05"},
    {file = "pycairo-1.27.0-cp310-cp310-win_amd64.whl", hash = "sha256:03bf570e3919901572987bc69237b648fe0de242439980be3e606b396e3318c9"},
    {file = "pycairo-1.27.0-cp311-cp311-win32.whl", hash = "sha256:9a9b79f92a434dae65c34c830bb9abdbd92654195e73d52663cbe45af1ad14b2"},
    {file = "pycairo-1.27.0-cp311-cp311-win_amd64.whl", hash = "sha256:d40a6d80b15dacb3672dc454df4bc4ab3988c6b3f36353b24a255dc59a1c8aea"},
    {file = "pycairo-1.27.0-cp312-cp312-win32.whl", hash = "sha256:e2239b9bb6c05edae5f3be97128e85147a155465e644f4d98ea0ceac7afc04ee"},
    {file = "pycairo-1.27.0-cp312-cp312-win_amd64.whl", hash = "sha256:27cb4d3a80e3b9990af552818515a8e466e0317063a6e61585533f1a86f1b7d5"},
    {file = "pycairo-1.27.0-cp313-cp313-win32.whl", hash = "sha256:01505c138a313df2469f812405963532fc2511fb9bca9bdc8e0ab94c55d1ced8"},
    {file = "pycairo-1.27.0-cp313-cp313-win_amd64.whl", hash = "sha256:b0349d744c068b6644ae23da6ada111c8a8a7e323b56cbce3707cba5bdb474cc"},
    {file = "pycairo-1.27.0-cp39-cp39-win32.whl", hash = "sha256:f9ca8430751f1fdcd3f072377560c9e15608b9a42d61375469db853566993c9b"},
    {file = "pycairo-1.27.0-cp39-cp39-win_amd64.whl", hash = "sha256:1b1321652a6e27c4de3069709b1cae22aed2707fd8c5e889c04a95669228af2a"},
    {file = "pycairo-1.27.0.tar.gz", hash = "sha256:5cb21e7a00a2afcafea7f14390235be33497a2cce53a98a19389492a60628430"},
]

[[package]]
name = "pygobject"
version = "3.50.0"
description = "Python bindings for GObject Introspection"
optional = false
python-versions = "<4.0,>=3.9"
files = [
    {file = "pygobject-3.50.0.tar.gz", hash = "sha256:4500ad3dbf331773d8dedf7212544c999a76fc96b63a91b3dcac1e5925a1d103"},
]

[package.dependencies]
pycairo = ">=1.16"

[[package]]
name = "ruff"
version = "0.9.5"
description = "An extremely fast Python linter and code formatter, written in Rust."
optional = false
python-versions = ">=3.7"
files = [
    {file = "ruff-0.9.5-py3-none-linux_armv6l.whl", hash = "sha256:d466d2abc05f39018d53f681fa1c0ffe9570e6d73cde1b65d23bb557c846f442"},
    {file = "ruff-0.9.5-py3-none-macosx_10_12_x86_64.whl", hash = "sha256:38840dbcef63948657fa7605ca363194d2fe8c26ce8f9ae12eee7f098c85ac8a"},
    {file = "ruff-0.9.5-py3-none-macosx_11_0_arm64.whl", hash = "sha256:d56ba06da53536b575fbd2b56517f6f95774ff7be0f62c80b9e67430391eeb36"},
    {file = "ruff-0.9.5-py3-none-manylinux_2_17_aarch64.manylinux2014_aarch64.whl", hash = "sha256:4f7cb2a01da08244c50b20ccfaeb5972e4228c3c3a1989d3ece2bc4b1f996001"},
    {file = "ruff-0.9.5-py3-none-manylinux_2_17_armv7l.manylinux2014_armv7l.whl", hash = "sha256:96d5c76358419bc63a671caac70c18732d4fd0341646ecd01641ddda5c39ca0b"},
    {file = "ruff-0.9.5-py3-none-manylinux_2_17_i686.manylinux2014_i686.whl", hash = "sha256:deb8304636ed394211f3a6d46c0e7d9535b016f53adaa8340139859b2359a070"},
    {file = "ruff-0.9.5-py3-none-manylinux_2_17_ppc64.manylinux2014_ppc64.whl", hash = "sha256:df455000bf59e62b3e8c7ba5ed88a4a2bc64896f900f311dc23ff2dc38156440"},
    {file = "ruff-0.9.5-py3-none-manylinux_2_17_ppc64le.manylinux2014_ppc64le.whl", hash = "sha256:de92170dfa50c32a2b8206a647949590e752aca8100a0f6b8cefa02ae29dce80"},
    {file = "ruff-0.9.5-py3-none-manylinux_2_17_s390x.manylinux2014_s390x.whl", hash = "sha256:3d28532d73b1f3f627ba88e1456f50748b37f3a345d2be76e4c653bec6c3e393"},
    {file = "ruff-0.9.5-py3-none-manylinux_2_17_x86_64.manylinux2014_x86_64.whl", hash = "sha256:2c746d7d1df64f31d90503ece5cc34d7007c06751a7a3bbeee10e5f2463d52d2"},
    {file = "ruff-0.9.5-py3-none-musllinux_1_2_aarch64.whl", hash = "sha256:11417521d6f2d121fda376f0d2169fb529976c544d653d1d6044f4c5562516ee"},
    {file = "ruff-0.9.5-py3-none-musllinux_1_2_armv7l.whl", hash = "sha256:5b9d71c3879eb32de700f2f6fac3d46566f644a91d3130119a6378f9312a38e1"},
    {file = "ruff-0.9.5-py3-none-musllinux_1_2_i686.whl", hash = "sha256:2e36c61145e70febcb78483903c43444c6b9d40f6d2f800b5552fec6e4a7bb9a"},
    {file = "ruff-0.9.5-py3-none-musllinux_1_2_x86_64.whl", hash = "sha256:2f71d09aeba026c922aa7aa19a08d7bd27c867aedb2f74285a2639644c1c12f5"},
    {file = "ruff-0.9.5-py3-none-win32.whl", hash = "sha256:134f958d52aa6fdec3b294b8ebe2320a950d10c041473c4316d2e7d7c2544723"},
    {file = "ruff-0.9.5-py3-none-win_amd64.whl", hash = "sha256:78cc6067f6d80b6745b67498fb84e87d32c6fc34992b52bffefbdae3442967d6"},
    {file = "ruff-0.9.5-py3-none-win_arm64.whl", hash = "sha256:18a29f1a005bddb229e580795627d297dfa99f16b30c7039e73278cf6b5f9fa9"},
    {file = "ruff-0.9.5.tar.gz", hash = "sha256:11aecd7a633932875ab3cb05a484c99970b9d52606ce9ea912b690b02653d56c"},
]

[[package]]
name = "tzdata"
version = "2025.1"
description = "Provider of IANA time zone data"
optional = false
python-versions = ">=2"
files = [
    {file = "tzdata-2025.1-py2.py3-none-any.whl", hash = "sha256:7e127113816800496f027041c570f50bcd464a020098a3b6b199517772303639"},
    {file = "tzdata-2025.1.tar.gz", hash = "sha256:24894909e88cdb28bd1636c6887801df64cb485bd593f2fd83ef29075a81d694"},
]

[metadata]
lock-version = "2.0"
python-versions = "^3.10"
content-hash = "5b701fdb9140038e74db19f06ce9181717deb7956522c0ce102c976bd3bf3ed0"
